
Microsoft Visual Studio Solution File, Format Version 12.00
# Visual Studio Version 17
VisualStudioVersion = 17.4.33122.133
MinimumVisualStudioVersion = 10.0.40219.1
Project("{9A19103F-16F7-4668-BE54-9A1E7A4F7556}") = "SQLServerUI", "SQLServerUI\SQLServerUI.csproj", "{3F9796FF-5481-475A-9FDB-10EB59F0E1DC}"
EndProject
Project("{9A19103F-16F7-4668-BE54-9A1E7A4F7556}") = "DataAccessLibrary", "DataAccessLibrary\DataAccessLibrary.csproj", "{B616A899-6BCA-49F1-9CE2-6636CA93F709}"
EndProject
Project("{00D1A9C2-B5F0-4AF3-8072-F6C62B433612}") = "SQLPeopleDB", "SQLPeopleDB\SQLPeopleDB.sqlproj", "{41BC62CC-2738-484E-8A38-F3E9E1D0224F}"
EndProject
Project("{9A19103F-16F7-4668-BE54-9A1E7A4F7556}") = "SQLiteUI", "SQLiteUI\SQLiteUI.csproj", "{F04ACA5E-8F90-4771-B6C4-1F3E0A77E08A}"
EndProject
Project("{00D1A9C2-B5F0-4AF3-8072-F6C62B433612}") = "SQLContactsDataBase", "SQLContactsDB\SQLContactsDataBase.sqlproj", "{C427B783-E1CA-4559-BE78-C134583E9FA0}"
EndProject
Project("{FAE04EC0-301F-11D3-BF4B-00C04F79EFBC}") = "MySqlUI", "MySqlUI\MySqlUI.csproj", "{1771ADAF-DE3C-4059-B171-83D4EC2DE1EF}"
EndProject
Global
	GlobalSection(SolutionConfigurationPlatforms) = preSolution
		Debug|Any CPU = Debug|Any CPU
		Release|Any CPU = Release|Any CPU
	EndGlobalSection
	GlobalSection(ProjectConfigurationPlatforms) = postSolution
		{3F9796FF-5481-475A-9FDB-10EB59F0E1DC}.Debug|Any CPU.ActiveCfg = Debug|Any CPU
		{3F9796FF-5481-475A-9FDB-10EB59F0E1DC}.Debug|Any CPU.Build.0 = Debug|Any CPU
		{3F9796FF-5481-475A-9FDB-10EB59F0E1DC}.Release|Any CPU.ActiveCfg = Release|Any CPU
		{3F9796FF-5481-475A-9FDB-10EB59F0E1DC}.Release|Any CPU.Build.0 = Release|Any CPU
		{B616A899-6BCA-49F1-9CE2-6636CA93F709}.Debug|Any CPU.ActiveCfg = Debug|Any CPU
		{B616A899-6BCA-49F1-9CE2-6636CA93F709}.Debug|Any CPU.Build.0 = Debug|Any CPU
		{B616A899-6BCA-49F1-9CE2-6636CA93F709}.Release|Any CPU.ActiveCfg = Release|Any CPU
		{B616A899-6BCA-49F1-9CE2-6636CA93F709}.Release|Any CPU.Build.0 = Release|Any CPU
		{41BC62CC-2738-484E-8A38-F3E9E1D0224F}.Debug|Any CPU.ActiveCfg = Debug|Any CPU
		{41BC62CC-2738-484E-8A38-F3E9E1D0224F}.Debug|Any CPU.Build.0 = Debug|Any CPU
		{41BC62CC-2738-484E-8A38-F3E9E1D0224F}.Debug|Any CPU.Deploy.0 = Debug|Any CPU
		{41BC62CC-2738-484E-8A38-F3E9E1D0224F}.Release|Any CPU.ActiveCfg = Release|Any CPU
		{41BC62CC-2738-484E-8A38-F3E9E1D0224F}.Release|Any CPU.Build.0 = Release|Any CPU
		{41BC62CC-2738-484E-8A38-F3E9E1D0224F}.Release|Any CPU.Deploy.0 = Release|Any CPU
		{F04ACA5E-8F90-4771-B6C4-1F3E0A77E08A}.Debug|Any CPU.ActiveCfg = Debug|Any CPU
		{F04ACA5E-8F90-4771-B6C4-1F3E0A77E08A}.Debug|Any CPU.Build.0 = Debug|Any CPU
		{F04ACA5E-8F90-4771-B6C4-1F3E0A77E08A}.Release|Any CPU.ActiveCfg = Release|Any CPU
		{F04ACA5E-8F90-4771-B6C4-1F3E0A77E08A}.Release|Any CPU.Build.0 = Release|Any CPU
		{C427B783-E1CA-4559-BE78-C134583E9FA0}.Debug|Any CPU.ActiveCfg = Debug|Any CPU
		{C427B783-E1CA-4559-BE78-C134583E9FA0}.Debug|Any CPU.Build.0 = Debug|Any CPU
		{C427B783-E1CA-4559-BE78-C134583E9FA0}.Debug|Any CPU.Deploy.0 = Debug|Any CPU
		{C427B783-E1CA-4559-BE78-C134583E9FA0}.Release|Any CPU.ActiveCfg = Release|Any CPU
		{C427B783-E1CA-4559-BE78-C134583E9FA0}.Release|Any CPU.Build.0 = Release|Any CPU
		{C427B783-E1CA-4559-BE78-C134583E9FA0}.Release|Any CPU.Deploy.0 = Release|Any CPU
		{1771ADAF-DE3C-4059-B171-83D4EC2DE1EF}.Debug|Any CPU.ActiveCfg = Debug|Any CPU
		{1771ADAF-DE3C-4059-B171-83D4EC2DE1EF}.Debug|Any CPU.Build.0 = Debug|Any CPU
		{1771ADAF-DE3C-4059-B171-83D4EC2DE1EF}.Release|Any CPU.ActiveCfg = Release|Any CPU
		{1771ADAF-DE3C-4059-B171-83D4EC2DE1EF}.Release|Any CPU.Build.0 = Release|Any CPU
	EndGlobalSection
	GlobalSection(SolutionProperties) = preSolution
		HideSolutionNode = FALSE
	EndGlobalSection
	GlobalSection(ExtensibilityGlobals) = postSolution
		SolutionGuid = {D61CA101-9A56-41BA-BC2E-EA39E4CDE790}
	EndGlobalSection
EndGlobal
